
Microsoft Visual Studio Solution File, Format Version 12.00
# Visual Studio 15
VisualStudioVersion = 15.0.26730.3
MinimumVisualStudioVersion = 10.0.40219.1
Project("{9A19103F-16F7-4668-BE54-9A1E7A4F7556}") = "WareHouseMangement", "WareHouseMangement\WareHouseMangement.csproj", "{03F75F32-0BAE-48EC-9B7E-259F08AE886D}"
EndProject
Project("{E24C65DC-7377-472B-9ABA-BC803B73C61A}") = "UI", "UI\", "{C01DA687-979C-4AF9-8773-110D3E1CD4CA}"
	ProjectSection(WebsiteProperties) = preProject
		TargetFrameworkMoniker = ".NETFramework,Version%3Dv4.6.1"
		Debug.AspNetCompiler.VirtualPath = "/localhost_48693"
		Debug.AspNetCompiler.PhysicalPath = "UI\"
		Debug.AspNetCompiler.TargetPath = "PrecompiledWeb\localhost_48693\"
		Debug.AspNetCompiler.Updateable = "true"
		Debug.AspNetCompiler.ForceOverwrite = "true"
		Debug.AspNetCompiler.FixedNames = "false"
		Debug.AspNetCompiler.Debug = "True"
		Release.AspNetCompiler.VirtualPath = "/localhost_48693"
		Release.AspNetCompiler.PhysicalPath = "UI\"
		Release.AspNetCompiler.TargetPath = "PrecompiledWeb\localhost_48693\"
		Release.AspNetCompiler.Updateable = "true"
		Release.AspNetCompiler.ForceOverwrite = "true"
		Release.AspNetCompiler.FixedNames = "false"
		Release.AspNetCompiler.Debug = "False"
		VWDPort = "48693"
		DefaultWebSiteLanguage = "Visual C#"
	EndProjectSection
EndProject
Global
	GlobalSection(SolutionConfigurationPlatforms) = preSolution
		Debug|Any CPU = Debug|Any CPU
		Release|Any CPU = Release|Any CPU
	EndGlobalSection
	GlobalSection(ProjectConfigurationPlatforms) = postSolution
		{03F75F32-0BAE-48EC-9B7E-259F08AE886D}.Debug|Any CPU.ActiveCfg = Debug|Any CPU
		{03F75F32-0BAE-48EC-9B7E-259F08AE886D}.Debug|Any CPU.Build.0 = Debug|Any CPU
		{03F75F32-0BAE-48EC-9B7E-259F08AE886D}.Release|Any CPU.ActiveCfg = Release|Any CPU
		{03F75F32-0BAE-48EC-9B7E-259F08AE886D}.Release|Any CPU.Build.0 = Release|Any CPU
		{C01DA687-979C-4AF9-8773-110D3E1CD4CA}.Debug|Any CPU.ActiveCfg = Debug|Any CPU
		{C01DA687-979C-4AF9-8773-110D3E1CD4CA}.Debug|Any CPU.Build.0 = Debug|Any CPU
		{C01DA687-979C-4AF9-8773-110D3E1CD4CA}.Release|Any CPU.ActiveCfg = Debug|Any CPU
		{C01DA687-979C-4AF9-8773-110D3E1CD4CA}.Release|Any CPU.Build.0 = Debug|Any CPU
	EndGlobalSection
	GlobalSection(SolutionProperties) = preSolution
		HideSolutionNode = FALSE
	EndGlobalSection
	GlobalSection(ExtensibilityGlobals) = postSolution
		SolutionGuid = {96022A34-4F24-4FB6-AF8C-D8AE250E67C6}
	EndGlobalSection
EndGlobal
